
Microsoft Visual Studio Solution File, Format Version 12.00
# Visual Studio 14
VisualStudioVersion = 14.0.24720.0
MinimumVisualStudioVersion = 10.0.40219.1
Project("{8BC9CEB8-8B4A-11D0-8D11-00A0C91BC942}") = "Parser", "Parser\Parser.vcxproj", "{77BE9964-7862-4D05-AFF0-B42718AAE386}"
EndProject
Project("{8BC9CEB8-8B4A-11D0-8D11-00A0C91BC942}") = "ScopeStack", "ScopeStack\ScopeStack.vcxproj", "{0AE7CD6E-0797-422E-8DB9-407E517624A5}"
EndProject
Project("{8BC9CEB8-8B4A-11D0-8D11-00A0C91BC942}") = "Tokenizer", "Tokenizer\Tokenizer.vcxproj", "{FD63AD3D-4A25-4F5C-BD43-1E19192357F2}"
EndProject
Project("{8BC9CEB8-8B4A-11D0-8D11-00A0C91BC942}") = "SemiExp", "SemiExp\SemiExp.vcxproj", "{C1131546-C8AE-4A24-A866-4A28DFDB72B9}"
EndProject
Project("{8BC9CEB8-8B4A-11D0-8D11-00A0C91BC942}") = "MetricAnalyzer", "MetricAnalyzer\MetricAnalyzer.vcxproj", "{2EA99126-97EA-4305-8D6A-BC675EECDAB0}"
	ProjectSection(ProjectDependencies) = postProject
		{F4D60441-1B27-4D3E-BD36-6B2D2A40875F} = {F4D60441-1B27-4D3E-BD36-6B2D2A40875F}
		{77BE9964-7862-4D05-AFF0-B42718AAE386} = {77BE9964-7862-4D05-AFF0-B42718AAE386}
		{DBB02F74-30A2-4A1A-BA03-9FAA86BFE453} = {DBB02F74-30A2-4A1A-BA03-9FAA86BFE453}
	EndProjectSection
EndProject
Project("{8BC9CEB8-8B4A-11D0-8D11-00A0C91BC942}") = "FileMgr", "FileMgr\FileMgr.vcxproj", "{F4D60441-1B27-4D3E-BD36-6B2D2A40875F}"
EndProject
Project("{8BC9CEB8-8B4A-11D0-8D11-00A0C91BC942}") = "AST", "AST\AST.vcxproj", "{DBB02F74-30A2-4A1A-BA03-9FAA86BFE453}"
EndProject
Project("{8BC9CEB8-8B4A-11D0-8D11-00A0C91BC942}") = "ThreadPool", "ThreadPool\ThreadPool.vcxproj", "{A27AE052-0D1C-4717-8535-92FC959BC532}"
EndProject
Project("{8BC9CEB8-8B4A-11D0-8D11-00A0C91BC942}") = "Tasks", "Tasks\Tasks.vcxproj", "{D55679AD-7080-43B9-A6F6-E92E509C0A9E}"
EndProject
Project("{8BC9CEB8-8B4A-11D0-8D11-00A0C91BC942}") = "TypeAnalysis", "TypeAnalysis\TypeAnalysis.vcxproj", "{9206CC4A-4893-4966-8B65-11873D897DDC}"
EndProject
Project("{8BC9CEB8-8B4A-11D0-8D11-00A0C91BC942}") = "DependencyAnalysis", "DependencyAnalysis\DependencyAnalysis.vcxproj", "{6929139C-3479-4BA3-9E4C-593B5BE5140A}"
EndProject
Project("{8BC9CEB8-8B4A-11D0-8D11-00A0C91BC942}") = "ParallelDependencyAnalysis", "ParallelDependencyAnalysis\ParallelDependencyAnalysis.vcxproj", "{C39390DE-EF6C-4760-8063-14CC21E00C46}"
EndProject
Project("{8BC9CEB8-8B4A-11D0-8D11-00A0C91BC942}") = "ParallelDependencyExecutive", "ParallelDependencyExecutive\ParallelDependencyExecutive.vcxproj", "{FAD93025-BB09-4710-ABFE-BFB15A594286}"
EndProject
Global
	GlobalSection(SolutionConfigurationPlatforms) = preSolution
		Debug|Any CPU = Debug|Any CPU
		Debug|x64 = Debug|x64
		Debug|x86 = Debug|x86
		Release|Any CPU = Release|Any CPU
		Release|x64 = Release|x64
		Release|x86 = Release|x86
	EndGlobalSection
	GlobalSection(ProjectConfigurationPlatforms) = postSolution
		{77BE9964-7862-4D05-AFF0-B42718AAE386}.Debug|Any CPU.ActiveCfg = Debug|x64
		{77BE9964-7862-4D05-AFF0-B42718AAE386}.Debug|Any CPU.Build.0 = Debug|x64
		{77BE9964-7862-4D05-AFF0-B42718AAE386}.Debug|x64.ActiveCfg = Debug|x64
		{77BE9964-7862-4D05-AFF0-B42718AAE386}.Debug|x64.Build.0 = Debug|x64
		{77BE9964-7862-4D05-AFF0-B42718AAE386}.Debug|x86.ActiveCfg = Debug|Win32
		{77BE9964-7862-4D05-AFF0-B42718AAE386}.Debug|x86.Build.0 = Debug|Win32
		{77BE9964-7862-4D05-AFF0-B42718AAE386}.Release|Any CPU.ActiveCfg = Release|Win32
		{77BE9964-7862-4D05-AFF0-B42718AAE386}.Release|x64.ActiveCfg = Release|x64
		{77BE9964-7862-4D05-AFF0-B42718AAE386}.Release|x64.Build.0 = Release|x64
		{77BE9964-7862-4D05-AFF0-B42718AAE386}.Release|x86.ActiveCfg = Release|Win32
		{77BE9964-7862-4D05-AFF0-B42718AAE386}.Release|x86.Build.0 = Release|Win32
		{0AE7CD6E-0797-422E-8DB9-407E517624A5}.Debug|Any CPU.ActiveCfg = Debug|x64
		{0AE7CD6E-0797-422E-8DB9-407E517624A5}.Debug|Any CPU.Build.0 = Debug|x64
		{0AE7CD6E-0797-422E-8DB9-407E517624A5}.Debug|x64.ActiveCfg = Debug|x64
		{0AE7CD6E-0797-422E-8DB9-407E517624A5}.Debug|x64.Build.0 = Debug|x64
		{0AE7CD6E-0797-422E-8DB9-407E517624A5}.Debug|x86.ActiveCfg = Debug|Win32
		{0AE7CD6E-0797-422E-8DB9-407E517624A5}.Debug|x86.Build.0 = Debug|Win32
		{0AE7CD6E-0797-422E-8DB9-407E517624A5}.Release|Any CPU.ActiveCfg = Release|Win32
		{0AE7CD6E-0797-422E-8DB9-407E517624A5}.Release|x64.ActiveCfg = Release|x64
		{0AE7CD6E-0797-422E-8DB9-407E517624A5}.Release|x64.Build.0 = Release|x64
		{0AE7CD6E-0797-422E-8DB9-407E517624A5}.Release|x86.ActiveCfg = Release|Win32
		{0AE7CD6E-0797-422E-8DB9-407E517624A5}.Release|x86.Build.0 = Release|Win32
		{FD63AD3D-4A25-4F5C-BD43-1E19192357F2}.Debug|Any CPU.ActiveCfg = Debug|Win32
		{FD63AD3D-4A25-4F5C-BD43-1E19192357F2}.Debug|Any CPU.Build.0 = Debug|Win32
		{FD63AD3D-4A25-4F5C-BD43-1E19192357F2}.Debug|x64.ActiveCfg = Debug|Win32
		{FD63AD3D-4A25-4F5C-BD43-1E19192357F2}.Debug|x86.ActiveCfg = Debug|Win32
		{FD63AD3D-4A25-4F5C-BD43-1E19192357F2}.Debug|x86.Build.0 = Debug|Win32
		{FD63AD3D-4A25-4F5C-BD43-1E19192357F2}.Release|Any CPU.ActiveCfg = Release|Win32
		{FD63AD3D-4A25-4F5C-BD43-1E19192357F2}.Release|x64.ActiveCfg = Release|Win32
		{FD63AD3D-4A25-4F5C-BD43-1E19192357F2}.Release|x86.ActiveCfg = Release|Win32
		{FD63AD3D-4A25-4F5C-BD43-1E19192357F2}.Release|x86.Build.0 = Release|Win32
		{C1131546-C8AE-4A24-A866-4A28DFDB72B9}.Debug|Any CPU.ActiveCfg = Debug|x64
		{C1131546-C8AE-4A24-A866-4A28DFDB72B9}.Debug|Any CPU.Build.0 = Debug|x64
		{C1131546-C8AE-4A24-A866-4A28DFDB72B9}.Debug|x64.ActiveCfg = Debug|x64
		{C1131546-C8AE-4A24-A866-4A28DFDB72B9}.Debug|x64.Build.0 = Debug|x64
		{C1131546-C8AE-4A24-A866-4A28DFDB72B9}.Debug|x86.ActiveCfg = Debug|Win32
		{C1131546-C8AE-4A24-A866-4A28DFDB72B9}.Debug|x86.Build.0 = Debug|Win32
		{C1131546-C8AE-4A24-A866-4A28DFDB72B9}.Release|Any CPU.ActiveCfg = Release|Win32
		{C1131546-C8AE-4A24-A866-4A28DFDB72B9}.Release|x64.ActiveCfg = Release|x64
		{C1131546-C8AE-4A24-A866-4A28DFDB72B9}.Release|x64.Build.0 = Release|x64
		{C1131546-C8AE-4A24-A866-4A28DFDB72B9}.Release|x86.ActiveCfg = Release|Win32
		{C1131546-C8AE-4A24-A866-4A28DFDB72B9}.Release|x86.Build.0 = Release|Win32
		{2EA99126-97EA-4305-8D6A-BC675EECDAB0}.Debug|Any CPU.ActiveCfg = Debug|x64
		{2EA99126-97EA-4305-8D6A-BC675EECDAB0}.Debug|Any CPU.Build.0 = Debug|x64
		{2EA99126-97EA-4305-8D6A-BC675EECDAB0}.Debug|x64.ActiveCfg = Debug|x64
		{2EA99126-97EA-4305-8D6A-BC675EECDAB0}.Debug|x64.Build.0 = Debug|x64
		{2EA99126-97EA-4305-8D6A-BC675EECDAB0}.Debug|x86.ActiveCfg = Debug|Win32
		{2EA99126-97EA-4305-8D6A-BC675EECDAB0}.Debug|x86.Build.0 = Debug|Win32
		{2EA99126-97EA-4305-8D6A-BC675EECDAB0}.Release|Any CPU.ActiveCfg = Release|Win32
		{2EA99126-97EA-4305-8D6A-BC675EECDAB0}.Release|x64.ActiveCfg = Release|x64
		{2EA99126-97EA-4305-8D6A-BC675EECDAB0}.Release|x64.Build.0 = Release|x64
		{2EA99126-97EA-4305-8D6A-BC675EECDAB0}.Release|x86.ActiveCfg = Release|Win32
		{2EA99126-97EA-4305-8D6A-BC675EECDAB0}.Release|x86.Build.0 = Release|Win32
		{F4D60441-1B27-4D3E-BD36-6B2D2A40875F}.Debug|Any CPU.ActiveCfg = Debug|x64
		{F4D60441-1B27-4D3E-BD36-6B2D2A40875F}.Debug|Any CPU.Build.0 = Debug|x64
		{F4D60441-1B27-4D3E-BD36-6B2D2A40875F}.Debug|x64.ActiveCfg = Debug|x64
		{F4D60441-1B27-4D3E-BD36-6B2D2A40875F}.Debug|x64.Build.0 = Debug|x64
		{F4D60441-1B27-4D3E-BD36-6B2D2A40875F}.Debug|x86.ActiveCfg = Debug|Win32
		{F4D60441-1B27-4D3E-BD36-6B2D2A40875F}.Debug|x86.Build.0 = Debug|Win32
		{F4D60441-1B27-4D3E-BD36-6B2D2A40875F}.Release|Any CPU.ActiveCfg = Release|Win32
		{F4D60441-1B27-4D3E-BD36-6B2D2A40875F}.Release|x64.ActiveCfg = Release|x64
		{F4D60441-1B27-4D3E-BD36-6B2D2A40875F}.Release|x64.Build.0 = Release|x64
		{F4D60441-1B27-4D3E-BD36-6B2D2A40875F}.Release|x86.ActiveCfg = Release|Win32
		{F4D60441-1B27-4D3E-BD36-6B2D2A40875F}.Release|x86.Build.0 = Release|Win32
		{DBB02F74-30A2-4A1A-BA03-9FAA86BFE453}.Debug|Any CPU.ActiveCfg = Debug|x64
		{DBB02F74-30A2-4A1A-BA03-9FAA86BFE453}.Debug|Any CPU.Build.0 = Debug|x64
		{DBB02F74-30A2-4A1A-BA03-9FAA86BFE453}.Debug|x64.ActiveCfg = Debug|x64
		{DBB02F74-30A2-4A1A-BA03-9FAA86BFE453}.Debug|x64.Build.0 = Debug|x64
		{DBB02F74-30A2-4A1A-BA03-9FAA86BFE453}.Debug|x86.ActiveCfg = Debug|Win32
		{DBB02F74-30A2-4A1A-BA03-9FAA86BFE453}.Debug|x86.Build.0 = Debug|Win32
		{DBB02F74-30A2-4A1A-BA03-9FAA86BFE453}.Release|Any CPU.ActiveCfg = Release|Win32
		{DBB02F74-30A2-4A1A-BA03-9FAA86BFE453}.Release|x64.ActiveCfg = Release|x64
		{DBB02F74-30A2-4A1A-BA03-9FAA86BFE453}.Release|x64.Build.0 = Release|x64
		{DBB02F74-30A2-4A1A-BA03-9FAA86BFE453}.Release|x86.ActiveCfg = Release|Win32
		{DBB02F74-30A2-4A1A-BA03-9FAA86BFE453}.Release|x86.Build.0 = Release|Win32
		{A27AE052-0D1C-4717-8535-92FC959BC532}.Debug|Any CPU.ActiveCfg = Debug|x64
		{A27AE052-0D1C-4717-8535-92FC959BC532}.Debug|Any CPU.Build.0 = Debug|x64
		{A27AE052-0D1C-4717-8535-92FC959BC532}.Debug|x64.ActiveCfg = Debug|x64
		{A27AE052-0D1C-4717-8535-92FC959BC532}.Debug|x64.Build.0 = Debug|x64
		{A27AE052-0D1C-4717-8535-92FC959BC532}.Debug|x86.ActiveCfg = Debug|Win32
		{A27AE052-0D1C-4717-8535-92FC959BC532}.Debug|x86.Build.0 = Debug|Win32
		{A27AE052-0D1C-4717-8535-92FC959BC532}.Release|Any CPU.ActiveCfg = Release|Win32
		{A27AE052-0D1C-4717-8535-92FC959BC532}.Release|x64.ActiveCfg = Release|x64
		{A27AE052-0D1C-4717-8535-92FC959BC532}.Release|x64.Build.0 = Release|x64
		{A27AE052-0D1C-4717-8535-92FC959BC532}.Release|x86.ActiveCfg = Release|Win32
		{A27AE052-0D1C-4717-8535-92FC959BC532}.Release|x86.Build.0 = Release|Win32
		{D55679AD-7080-43B9-A6F6-E92E509C0A9E}.Debug|Any CPU.ActiveCfg = Debug|x64
		{D55679AD-7080-43B9-A6F6-E92E509C0A9E}.Debug|Any CPU.Build.0 = Debug|x64
		{D55679AD-7080-43B9-A6F6-E92E509C0A9E}.Debug|x64.ActiveCfg = Debug|x64
		{D55679AD-7080-43B9-A6F6-E92E509C0A9E}.Debug|x64.Build.0 = Debug|x64
		{D55679AD-7080-43B9-A6F6-E92E509C0A9E}.Debug|x86.ActiveCfg = Debug|Win32
		{D55679AD-7080-43B9-A6F6-E92E509C0A9E}.Debug|x86.Build.0 = Debug|Win32
		{D55679AD-7080-43B9-A6F6-E92E509C0A9E}.Release|Any CPU.ActiveCfg = Release|Win32
		{D55679AD-7080-43B9-A6F6-E92E509C0A9E}.Release|x64.ActiveCfg = Release|x64
		{D55679AD-7080-43B9-A6F6-E92E509C0A9E}.Release|x64.Build.0 = Release|x64
		{D55679AD-7080-43B9-A6F6-E92E509C0A9E}.Release|x86.ActiveCfg = Release|Win32
		{D55679AD-7080-43B9-A6F6-E92E509C0A9E}.Release|x86.Build.0 = Release|Win32
		{9206CC4A-4893-4966-8B65-11873D897DDC}.Debug|Any CPU.ActiveCfg = Debug|x64
		{9206CC4A-4893-4966-8B65-11873D897DDC}.Debug|Any CPU.Build.0 = Debug|x64
		{9206CC4A-4893-4966-8B65-11873D897DDC}.Debug|x64.ActiveCfg = Debug|x64
		{9206CC4A-4893-4966-8B65-11873D897DDC}.Debug|x64.Build.0 = Debug|x64
		{9206CC4A-4893-4966-8B65-11873D897DDC}.Debug|x86.ActiveCfg = Debug|Win32
		{9206CC4A-4893-4966-8B65-11873D897DDC}.Debug|x86.Build.0 = Debug|Win32
		{9206CC4A-4893-4966-8B65-11873D897DDC}.Release|Any CPU.ActiveCfg = Release|Win32
		{9206CC4A-4893-4966-8B65-11873D897DDC}.Release|x64.ActiveCfg = Release|x64
		{9206CC4A-4893-4966-8B65-11873D897DDC}.Release|x64.Build.0 = Release|x64
		{9206CC4A-4893-4966-8B65-11873D897DDC}.Release|x86.ActiveCfg = Release|Win32
		{9206CC4A-4893-4966-8B65-11873D897DDC}.Release|x86.Build.0 = Release|Win32
		{6929139C-3479-4BA3-9E4C-593B5BE5140A}.Debug|Any CPU.ActiveCfg = Debug|x64
		{6929139C-3479-4BA3-9E4C-593B5BE5140A}.Debug|Any CPU.Build.0 = Debug|x64
		{6929139C-3479-4BA3-9E4C-593B5BE5140A}.Debug|x64.ActiveCfg = Debug|x64
		{6929139C-3479-4BA3-9E4C-593B5BE5140A}.Debug|x64.Build.0 = Debug|x64
		{6929139C-3479-4BA3-9E4C-593B5BE5140A}.Debug|x86.ActiveCfg = Debug|Win32
		{6929139C-3479-4BA3-9E4C-593B5BE5140A}.Debug|x86.Build.0 = Debug|Win32
		{6929139C-3479-4BA3-9E4C-593B5BE5140A}.Release|Any CPU.ActiveCfg = Release|Win32
		{6929139C-3479-4BA3-9E4C-593B5BE5140A}.Release|x64.ActiveCfg = Release|x64
		{6929139C-3479-4BA3-9E4C-593B5BE5140A}.Release|x64.Build.0 = Release|x64
		{6929139C-3479-4BA3-9E4C-593B5BE5140A}.Release|x86.ActiveCfg = Release|Win32
		{6929139C-3479-4BA3-9E4C-593B5BE5140A}.Release|x86.Build.0 = Release|Win32
		{C39390DE-EF6C-4760-8063-14CC21E00C46}.Debug|Any CPU.ActiveCfg = Debug|x64
		{C39390DE-EF6C-4760-8063-14CC21E00C46}.Debug|Any CPU.Build.0 = Debug|x64
		{C39390DE-EF6C-4760-8063-14CC21E00C46}.Debug|x64.ActiveCfg = Debug|x64
		{C39390DE-EF6C-4760-8063-14CC21E00C46}.Debug|x64.Build.0 = Debug|x64
		{C39390DE-EF6C-4760-8063-14CC21E00C46}.Debug|x86.ActiveCfg = Debug|Win32
		{C39390DE-EF6C-4760-8063-14CC21E00C46}.Debug|x86.Build.0 = Debug|Win32
		{C39390DE-EF6C-4760-8063-14CC21E00C46}.Release|Any CPU.ActiveCfg = Release|Win32
		{C39390DE-EF6C-4760-8063-14CC21E00C46}.Release|x64.ActiveCfg = Release|x64
		{C39390DE-EF6C-4760-8063-14CC21E00C46}.Release|x64.Build.0 = Release|x64
		{C39390DE-EF6C-4760-8063-14CC21E00C46}.Release|x86.ActiveCfg = Release|Win32
		{C39390DE-EF6C-4760-8063-14CC21E00C46}.Release|x86.Build.0 = Release|Win32
		{FAD93025-BB09-4710-ABFE-BFB15A594286}.Debug|Any CPU.ActiveCfg = Debug|x64
		{FAD93025-BB09-4710-ABFE-BFB15A594286}.Debug|Any CPU.Build.0 = Debug|x64
		{FAD93025-BB09-4710-ABFE-BFB15A594286}.Debug|x64.ActiveCfg = Debug|x64
		{FAD93025-BB09-4710-ABFE-BFB15A594286}.Debug|x64.Build.0 = Debug|x64
		{FAD93025-BB09-4710-ABFE-BFB15A594286}.Debug|x86.ActiveCfg = Debug|Win32
		{FAD93025-BB09-4710-ABFE-BFB15A594286}.Debug|x86.Build.0 = Debug|Win32
		{FAD93025-BB09-4710-ABFE-BFB15A594286}.Release|Any CPU.ActiveCfg = Release|Win32
		{FAD93025-BB09-4710-ABFE-BFB15A594286}.Release|x64.ActiveCfg = Release|x64
		{FAD93025-BB09-4710-ABFE-BFB15A594286}.Release|x64.Build.0 = Release|x64
		{FAD93025-BB09-4710-ABFE-BFB15A594286}.Release|x86.ActiveCfg = Release|Win32
		{FAD93025-BB09-4710-ABFE-BFB15A594286}.Release|x86.Build.0 = Release|Win32
	EndGlobalSection
	GlobalSection(SolutionProperties) = preSolution
		HideSolutionNode = FALSE
	EndGlobalSection
EndGlobal
